// !$*UTF8*$!
{
	archiveVersion = 1;
	classes = {
	};
	objectVersion = 56;
	objects = {

/* Begin PBXBuildFile section */
		64D2EACA2B84488000E21E86 /* RegistrationView.swift in Sources */ = {isa = PBXBuildFile; fileRef = 64D2EAC92B84488000E21E86 /* RegistrationView.swift */; };
		64D2EACD2B844B8800E21E86 /* TextFieldModifier.swift in Sources */ = {isa = PBXBuildFile; fileRef = 64D2EACC2B844B8800E21E86 /* TextFieldModifier.swift */; };
		64D2EAD02B8451EF00E21E86 /* Announcement.swift in Sources */ = {isa = PBXBuildFile; fileRef = 64D2EACF2B8451EF00E21E86 /* Announcement.swift */; };
		64D2EAD22B84520F00E21E86 /* QuickAction.swift in Sources */ = {isa = PBXBuildFile; fileRef = 64D2EAD12B84520F00E21E86 /* QuickAction.swift */; };
		64D2EAD42B84521500E21E86 /* VideoItem.swift in Sources */ = {isa = PBXBuildFile; fileRef = 64D2EAD32B84521500E21E86 /* VideoItem.swift */; };
		64D2EADD2B84531700E21E86 /* MockAnnouncements.json in Resources */ = {isa = PBXBuildFile; fileRef = 64D2EADC2B84531700E21E86 /* MockAnnouncements.json */; };
		64D2EADF2B84532900E21E86 /* MockVideoData.xml in Resources */ = {isa = PBXBuildFile; fileRef = 64D2EADE2B84532900E21E86 /* MockVideoData.xml */; };
		64D2EAE22B84536600E21E86 /* HomeView.swift in Sources */ = {isa = PBXBuildFile; fileRef = 64D2EAE12B84536600E21E86 /* HomeView.swift */; };
		64D2EAE42B84537A00E21E86 /* SermonsView.swift in Sources */ = {isa = PBXBuildFile; fileRef = 64D2EAE32B84537A00E21E86 /* SermonsView.swift */; };
		64D2EAED2B84539D00E21E86 /* PageControl.swift in Sources */ = {isa = PBXBuildFile; fileRef = 64D2EAE82B84539C00E21E86 /* PageControl.swift */; };
		64D2EAEE2B84539D00E21E86 /* PageViewController.swift in Sources */ = {isa = PBXBuildFile; fileRef = 64D2EAE92B84539C00E21E86 /* PageViewController.swift */; };
		64D2EAEF2B84539D00E21E86 /* PageView.swift in Sources */ = {isa = PBXBuildFile; fileRef = 64D2EAEA2B84539C00E21E86 /* PageView.swift */; };
		64D2EAF02B84539D00E21E86 /* QuickActionView.swift in Sources */ = {isa = PBXBuildFile; fileRef = 64D2EAEC2B84539C00E21E86 /* QuickActionView.swift */; };
		64D2EAF82B8453A700E21E86 /* AnnouncementCard.swift in Sources */ = {isa = PBXBuildFile; fileRef = 64D2EAF12B8453A700E21E86 /* AnnouncementCard.swift */; };
		64D2EAF92B8453A700E21E86 /* RecentVideo.swift in Sources */ = {isa = PBXBuildFile; fileRef = 64D2EAF22B8453A700E21E86 /* RecentVideo.swift */; };
		64D2EAFA2B8453A700E21E86 /* CountdownTimer.swift in Sources */ = {isa = PBXBuildFile; fileRef = 64D2EAF32B8453A700E21E86 /* CountdownTimer.swift */; };
		64D2EAFB2B8453A700E21E86 /* VideoDetailsView.swift in Sources */ = {isa = PBXBuildFile; fileRef = 64D2EAF52B8453A700E21E86 /* VideoDetailsView.swift */; };
		64D2EAFC2B8453A700E21E86 /* VideoPlayerView.swift in Sources */ = {isa = PBXBuildFile; fileRef = 64D2EAF62B8453A700E21E86 /* VideoPlayerView.swift */; };
		64D2EAFD2B8453A700E21E86 /* VideoFeedLoader.swift in Sources */ = {isa = PBXBuildFile; fileRef = 64D2EAF72B8453A700E21E86 /* VideoFeedLoader.swift */; };
		64D2EB032B8453F000E21E86 /* MediaPlayerView.swift in Sources */ = {isa = PBXBuildFile; fileRef = 64D2EB002B8453F000E21E86 /* MediaPlayerView.swift */; };
		64D2EB042B8453F000E21E86 /* PremiumAccountView.swift in Sources */ = {isa = PBXBuildFile; fileRef = 64D2EB012B8453F000E21E86 /* PremiumAccountView.swift */; };
		64D2EB062B84561300E21E86 /* RootView.swift in Sources */ = {isa = PBXBuildFile; fileRef = 64D2EB052B84561300E21E86 /* RootView.swift */; };
		64FE8E892B83FA5600ACEA6C /* Life_FellowshipApp.swift in Sources */ = {isa = PBXBuildFile; fileRef = 64FE8E882B83FA5600ACEA6C /* Life_FellowshipApp.swift */; };
		64FE8E8B2B83FA5600ACEA6C /* ContentView.swift in Sources */ = {isa = PBXBuildFile; fileRef = 64FE8E8A2B83FA5600ACEA6C /* ContentView.swift */; };
		64FE8E8D2B83FA5700ACEA6C /* Assets.xcassets in Resources */ = {isa = PBXBuildFile; fileRef = 64FE8E8C2B83FA5700ACEA6C /* Assets.xcassets */; };
		64FE8E902B83FA5700ACEA6C /* Preview Assets.xcassets in Resources */ = {isa = PBXBuildFile; fileRef = 64FE8E8F2B83FA5700ACEA6C /* Preview Assets.xcassets */; };
		64FE8E992B84027D00ACEA6C /* LoginView.swift in Sources */ = {isa = PBXBuildFile; fileRef = 64FE8E982B84027D00ACEA6C /* LoginView.swift */; };
		64FE8E9D2B8420EA00ACEA6C /* LoadingViews.swift in Sources */ = {isa = PBXBuildFile; fileRef = 64FE8E9C2B8420EA00ACEA6C /* LoadingViews.swift */; };
/* End PBXBuildFile section */

/* Begin PBXFileReference section */
		64D2EAC92B84488000E21E86 /* RegistrationView.swift */ = {isa = PBXFileReference; lastKnownFileType = sourcecode.swift; path = RegistrationView.swift; sourceTree = "<group>"; };
		64D2EACC2B844B8800E21E86 /* TextFieldModifier.swift */ = {isa = PBXFileReference; lastKnownFileType = sourcecode.swift; path = TextFieldModifier.swift; sourceTree = "<group>"; };
		64D2EACF2B8451EF00E21E86 /* Announcement.swift */ = {isa = PBXFileReference; lastKnownFileType = sourcecode.swift; path = Announcement.swift; sourceTree = "<group>"; };
		64D2EAD12B84520F00E21E86 /* QuickAction.swift */ = {isa = PBXFileReference; lastKnownFileType = sourcecode.swift; path = QuickAction.swift; sourceTree = "<group>"; };
		64D2EAD32B84521500E21E86 /* VideoItem.swift */ = {isa = PBXFileReference; lastKnownFileType = sourcecode.swift; path = VideoItem.swift; sourceTree = "<group>"; };
		64D2EADC2B84531700E21E86 /* MockAnnouncements.json */ = {isa = PBXFileReference; lastKnownFileType = text.json; path = MockAnnouncements.json; sourceTree = "<group>"; };
		64D2EADE2B84532900E21E86 /* MockVideoData.xml */ = {isa = PBXFileReference; lastKnownFileType = text.xml; path = MockVideoData.xml; sourceTree = "<group>"; };
		64D2EAE12B84536600E21E86 /* HomeView.swift */ = {isa = PBXFileReference; fileEncoding = 4; lastKnownFileType = sourcecode.swift; path = HomeView.swift; sourceTree = "<group>"; };
		64D2EAE32B84537A00E21E86 /* SermonsView.swift */ = {isa = PBXFileReference; fileEncoding = 4; lastKnownFileType = sourcecode.swift; path = SermonsView.swift; sourceTree = "<group>"; };
		64D2EAE82B84539C00E21E86 /* PageControl.swift */ = {isa = PBXFileReference; fileEncoding = 4; lastKnownFileType = sourcecode.swift; path = PageControl.swift; sourceTree = "<group>"; };
		64D2EAE92B84539C00E21E86 /* PageViewController.swift */ = {isa = PBXFileReference; fileEncoding = 4; lastKnownFileType = sourcecode.swift; path = PageViewController.swift; sourceTree = "<group>"; };
		64D2EAEA2B84539C00E21E86 /* PageView.swift */ = {isa = PBXFileReference; fileEncoding = 4; lastKnownFileType = sourcecode.swift; path = PageView.swift; sourceTree = "<group>"; };
		64D2EAEC2B84539C00E21E86 /* QuickActionView.swift */ = {isa = PBXFileReference; fileEncoding = 4; lastKnownFileType = sourcecode.swift; path = QuickActionView.swift; sourceTree = "<group>"; };
		64D2EAF12B8453A700E21E86 /* AnnouncementCard.swift */ = {isa = PBXFileReference; fileEncoding = 4; lastKnownFileType = sourcecode.swift; path = AnnouncementCard.swift; sourceTree = "<group>"; };
		64D2EAF22B8453A700E21E86 /* RecentVideo.swift */ = {isa = PBXFileReference; fileEncoding = 4; lastKnownFileType = sourcecode.swift; path = RecentVideo.swift; sourceTree = "<group>"; };
		64D2EAF32B8453A700E21E86 /* CountdownTimer.swift */ = {isa = PBXFileReference; fileEncoding = 4; lastKnownFileType = sourcecode.swift; path = CountdownTimer.swift; sourceTree = "<group>"; };
		64D2EAF52B8453A700E21E86 /* VideoDetailsView.swift */ = {isa = PBXFileReference; fileEncoding = 4; lastKnownFileType = sourcecode.swift; path = VideoDetailsView.swift; sourceTree = "<group>"; };
		64D2EAF62B8453A700E21E86 /* VideoPlayerView.swift */ = {isa = PBXFileReference; fileEncoding = 4; lastKnownFileType = sourcecode.swift; path = VideoPlayerView.swift; sourceTree = "<group>"; };
		64D2EAF72B8453A700E21E86 /* VideoFeedLoader.swift */ = {isa = PBXFileReference; fileEncoding = 4; lastKnownFileType = sourcecode.swift; path = VideoFeedLoader.swift; sourceTree = "<group>"; };
		64D2EB002B8453F000E21E86 /* MediaPlayerView.swift */ = {isa = PBXFileReference; fileEncoding = 4; lastKnownFileType = sourcecode.swift; path = MediaPlayerView.swift; sourceTree = "<group>"; };
		64D2EB012B8453F000E21E86 /* PremiumAccountView.swift */ = {isa = PBXFileReference; fileEncoding = 4; lastKnownFileType = sourcecode.swift; path = PremiumAccountView.swift; sourceTree = "<group>"; };
		64D2EB052B84561300E21E86 /* RootView.swift */ = {isa = PBXFileReference; lastKnownFileType = sourcecode.swift; path = RootView.swift; sourceTree = "<group>"; };
		64FE8E852B83FA5600ACEA6C /* Life Fellowship.app */ = {isa = PBXFileReference; explicitFileType = wrapper.application; includeInIndex = 0; path = "Life Fellowship.app"; sourceTree = BUILT_PRODUCTS_DIR; };
		64FE8E882B83FA5600ACEA6C /* Life_FellowshipApp.swift */ = {isa = PBXFileReference; lastKnownFileType = sourcecode.swift; path = Life_FellowshipApp.swift; sourceTree = "<group>"; };
		64FE8E8A2B83FA5600ACEA6C /* ContentView.swift */ = {isa = PBXFileReference; lastKnownFileType = sourcecode.swift; path = ContentView.swift; sourceTree = "<group>"; };
		64FE8E8C2B83FA5700ACEA6C /* Assets.xcassets */ = {isa = PBXFileReference; lastKnownFileType = folder.assetcatalog; path = Assets.xcassets; sourceTree = "<group>"; };
		64FE8E8F2B83FA5700ACEA6C /* Preview Assets.xcassets */ = {isa = PBXFileReference; lastKnownFileType = folder.assetcatalog; path = "Preview Assets.xcassets"; sourceTree = "<group>"; };
		64FE8E982B84027D00ACEA6C /* LoginView.swift */ = {isa = PBXFileReference; lastKnownFileType = sourcecode.swift; path = LoginView.swift; sourceTree = "<group>"; };
		64FE8E9C2B8420EA00ACEA6C /* LoadingViews.swift */ = {isa = PBXFileReference; lastKnownFileType = sourcecode.swift; path = LoadingViews.swift; sourceTree = "<group>"; };
/* End PBXFileReference section */

/* Begin PBXFrameworksBuildPhase section */
		64FE8E822B83FA5600ACEA6C /* Frameworks */ = {
			isa = PBXFrameworksBuildPhase;
			buildActionMask = 2147483647;
			files = (
			);
			runOnlyForDeploymentPostprocessing = 0;
		};
/* End PBXFrameworksBuildPhase section */

/* Begin PBXGroup section */
		64D2EACB2B844B6C00E21E86 /* View Modifiers */ = {
			isa = PBXGroup;
			children = (
				64D2EACC2B844B8800E21E86 /* TextFieldModifier.swift */,
			);
			path = "View Modifiers";
			sourceTree = "<group>";
		};
		64D2EACE2B8451CA00E21E86 /* Models */ = {
			isa = PBXGroup;
			children = (
				64D2EACF2B8451EF00E21E86 /* Announcement.swift */,
				64D2EAD12B84520F00E21E86 /* QuickAction.swift */,
				64D2EAD32B84521500E21E86 /* VideoItem.swift */,
			);
			path = Models;
			sourceTree = "<group>";
		};
		64D2EAD52B84528000E21E86 /* Home */ = {
			isa = PBXGroup;
			children = (
				64D2EAE72B84539C00E21E86 /* Page Controller */,
				64D2EAEB2B84539C00E21E86 /* Quick Actions */,
				64D2EAE12B84536600E21E86 /* HomeView.swift */,
			);
			path = Home;
			sourceTree = "<group>";
		};
		64D2EAD62B84529400E21E86 /* Sermons */ = {
			isa = PBXGroup;
			children = (
				64D2EAE32B84537A00E21E86 /* SermonsView.swift */,
			);
			path = Sermons;
			sourceTree = "<group>";
		};
		64D2EAD82B8452AD00E21E86 /* Community */ = {
			isa = PBXGroup;
			children = (
			);
			path = Community;
			sourceTree = "<group>";
		};
		64D2EAD92B8452C100E21E86 /* Messages */ = {
			isa = PBXGroup;
			children = (
			);
			path = Messages;
			sourceTree = "<group>";
		};
		64D2EADA2B8452C700E21E86 /* Details */ = {
			isa = PBXGroup;
			children = (
			);
			path = Details;
			sourceTree = "<group>";
		};
		64D2EADB2B8452FA00E21E86 /* MockData */ = {
			isa = PBXGroup;
			children = (
				64D2EADC2B84531700E21E86 /* MockAnnouncements.json */,
				64D2EADE2B84532900E21E86 /* MockVideoData.xml */,
			);
			path = MockData;
			sourceTree = "<group>";
		};
		64D2EAE02B84535100E21E86 /* TabView */ = {
			isa = PBXGroup;
			children = (
			);
			path = TabView;
			sourceTree = "<group>";
		};
		64D2EAE72B84539C00E21E86 /* Page Controller */ = {
			isa = PBXGroup;
			children = (
				64D2EAE82B84539C00E21E86 /* PageControl.swift */,
				64D2EAE92B84539C00E21E86 /* PageViewController.swift */,
				64D2EAEA2B84539C00E21E86 /* PageView.swift */,
			);
			path = "Page Controller";
			sourceTree = "<group>";
		};
		64D2EAEB2B84539C00E21E86 /* Quick Actions */ = {
			isa = PBXGroup;
			children = (
				64D2EAF12B8453A700E21E86 /* AnnouncementCard.swift */,
				64D2EAF32B8453A700E21E86 /* CountdownTimer.swift */,
				64D2EAEC2B84539C00E21E86 /* QuickActionView.swift */,
			);
			path = "Quick Actions";
			sourceTree = "<group>";
		};
		64D2EAF42B8453A700E21E86 /* Video */ = {
			isa = PBXGroup;
			children = (
				64D2EAF22B8453A700E21E86 /* RecentVideo.swift */,
				64D2EAF52B8453A700E21E86 /* VideoDetailsView.swift */,
				64D2EAF62B8453A700E21E86 /* VideoPlayerView.swift */,
				64D2EAF72B8453A700E21E86 /* VideoFeedLoader.swift */,
			);
			path = Video;
			sourceTree = "<group>";
		};
		64D2EAFE2B8453DD00E21E86 /* TODO */ = {
			isa = PBXGroup;
			children = (
				64D2EB002B8453F000E21E86 /* MediaPlayerView.swift */,
				64D2EB012B8453F000E21E86 /* PremiumAccountView.swift */,
			);
			path = TODO;
			sourceTree = "<group>";
		};
		64FE8E7C2B83FA5600ACEA6C = {
			isa = PBXGroup;
			children = (
				64FE8E872B83FA5600ACEA6C /* Life Fellowship */,
				64FE8E862B83FA5600ACEA6C /* Products */,
			);
			sourceTree = "<group>";
		};
		64FE8E862B83FA5600ACEA6C /* Products */ = {
			isa = PBXGroup;
			children = (
				64FE8E852B83FA5600ACEA6C /* Life Fellowship.app */,
			);
			name = Products;
			sourceTree = "<group>";
		};
		64FE8E872B83FA5600ACEA6C /* Life Fellowship */ = {
			isa = PBXGroup;
			children = (
				64D2EACE2B8451CA00E21E86 /* Models */,
				64FE8E962B84026200ACEA6C /* Core */,
				64FE8E882B83FA5600ACEA6C /* Life_FellowshipApp.swift */,
				64D2EADB2B8452FA00E21E86 /* MockData */,
				64FE8E8C2B83FA5700ACEA6C /* Assets.xcassets */,
				64FE8E8E2B83FA5700ACEA6C /* Preview Content */,
			);
			path = "Life Fellowship";
			sourceTree = "<group>";
		};
		64FE8E8E2B83FA5700ACEA6C /* Preview Content */ = {
			isa = PBXGroup;
			children = (
				64FE8E8F2B83FA5700ACEA6C /* Preview Assets.xcassets */,
			);
			path = "Preview Content";
			sourceTree = "<group>";
		};
		64FE8E962B84026200ACEA6C /* Core */ = {
			isa = PBXGroup;
			children = (
				64FE8E972B84026B00ACEA6C /* Authentication */,
				64D2EAF42B8453A700E21E86 /* Video */,
				64D2EAFE2B8453DD00E21E86 /* TODO */,
				64D2EAE02B84535100E21E86 /* TabView */,
				64D2EADA2B8452C700E21E86 /* Details */,
				64D2EAD92B8452C100E21E86 /* Messages */,
				64D2EAD82B8452AD00E21E86 /* Community */,
				64D2EAD62B84529400E21E86 /* Sermons */,
				64D2EAD52B84528000E21E86 /* Home */,
				64FE8E8A2B83FA5600ACEA6C /* ContentView.swift */,
				64FE8E9A2B8420C000ACEA6C /* Utilities */,
				64D2EB052B84561300E21E86 /* RootView.swift */,
			);
			path = Core;
			sourceTree = "<group>";
		};
		64FE8E972B84026B00ACEA6C /* Authentication */ = {
			isa = PBXGroup;
			children = (
				64FE8E982B84027D00ACEA6C /* LoginView.swift */,
				64D2EAC92B84488000E21E86 /* RegistrationView.swift */,
			);
			path = Authentication;
			sourceTree = "<group>";
		};
		64FE8E9A2B8420C000ACEA6C /* Utilities */ = {
			isa = PBXGroup;
			children = (
				64D2EACB2B844B6C00E21E86 /* View Modifiers */,
				64FE8E9B2B8420CC00ACEA6C /* Views */,
			);
			path = Utilities;
			sourceTree = "<group>";
		};
		64FE8E9B2B8420CC00ACEA6C /* Views */ = {
			isa = PBXGroup;
			children = (
				64FE8E9C2B8420EA00ACEA6C /* LoadingViews.swift */,
			);
			path = Views;
			sourceTree = "<group>";
		};
/* End PBXGroup section */

/* Begin PBXNativeTarget section */
		64FE8E842B83FA5600ACEA6C /* Life Fellowship */ = {
			isa = PBXNativeTarget;
			buildConfigurationList = 64FE8E932B83FA5700ACEA6C /* Build configuration list for PBXNativeTarget "Life Fellowship" */;
			buildPhases = (
				64FE8E812B83FA5600ACEA6C /* Sources */,
				64FE8E822B83FA5600ACEA6C /* Frameworks */,
				64FE8E832B83FA5600ACEA6C /* Resources */,
			);
			buildRules = (
			);
			dependencies = (
			);
			name = "Life Fellowship";
			productName = "Life Fellowship";
			productReference = 64FE8E852B83FA5600ACEA6C /* Life Fellowship.app */;
			productType = "com.apple.product-type.application";
		};
/* End PBXNativeTarget section */

/* Begin PBXProject section */
		64FE8E7D2B83FA5600ACEA6C /* Project object */ = {
			isa = PBXProject;
			attributes = {
				BuildIndependentTargetsInParallel = 1;
				LastSwiftUpdateCheck = 1520;
				LastUpgradeCheck = 1520;
				TargetAttributes = {
					64FE8E842B83FA5600ACEA6C = {
						CreatedOnToolsVersion = 15.2;
					};
				};
			};
			buildConfigurationList = 64FE8E802B83FA5600ACEA6C /* Build configuration list for PBXProject "Life Fellowship" */;
			compatibilityVersion = "Xcode 14.0";
			developmentRegion = en;
			hasScannedForEncodings = 0;
			knownRegions = (
				en,
				Base,
			);
			mainGroup = 64FE8E7C2B83FA5600ACEA6C;
			productRefGroup = 64FE8E862B83FA5600ACEA6C /* Products */;
			projectDirPath = "";
			projectRoot = "";
			targets = (
				64FE8E842B83FA5600ACEA6C /* Life Fellowship */,
			);
		};
/* End PBXProject section */

/* Begin PBXResourcesBuildPhase section */
		64FE8E832B83FA5600ACEA6C /* Resources */ = {
			isa = PBXResourcesBuildPhase;
			buildActionMask = 2147483647;
			files = (
				64FE8E902B83FA5700ACEA6C /* Preview Assets.xcassets in Resources */,
				64D2EADD2B84531700E21E86 /* MockAnnouncements.json in Resources */,
				64FE8E8D2B83FA5700ACEA6C /* Assets.xcassets in Resources */,
				64D2EADF2B84532900E21E86 /* MockVideoData.xml in Resources */,
			);
			runOnlyForDeploymentPostprocessing = 0;
		};
/* End PBXResourcesBuildPhase section */

/* Begin PBXSourcesBuildPhase section */
		64FE8E812B83FA5600ACEA6C /* Sources */ = {
			isa = PBXSourcesBuildPhase;
			buildActionMask = 2147483647;
			files = (
				64D2EAD42B84521500E21E86 /* VideoItem.swift in Sources */,
				64D2EAFB2B8453A700E21E86 /* VideoDetailsView.swift in Sources */,
				64D2EAEE2B84539D00E21E86 /* PageViewController.swift in Sources */,
				64D2EACD2B844B8800E21E86 /* TextFieldModifier.swift in Sources */,
				64D2EAE42B84537A00E21E86 /* SermonsView.swift in Sources */,
				64D2EAED2B84539D00E21E86 /* PageControl.swift in Sources */,
				64FE8E992B84027D00ACEA6C /* LoginView.swift in Sources */,
				64D2EAF82B8453A700E21E86 /* AnnouncementCard.swift in Sources */,
				64D2EB062B84561300E21E86 /* RootView.swift in Sources */,
				64D2EAF02B84539D00E21E86 /* QuickActionView.swift in Sources */,
				64D2EAE22B84536600E21E86 /* HomeView.swift in Sources */,
				64D2EAFD2B8453A700E21E86 /* VideoFeedLoader.swift in Sources */,
				64FE8E9D2B8420EA00ACEA6C /* LoadingViews.swift in Sources */,
				64FE8E8B2B83FA5600ACEA6C /* ContentView.swift in Sources */,
				64D2EAD02B8451EF00E21E86 /* Announcement.swift in Sources */,
				64D2EAF92B8453A700E21E86 /* RecentVideo.swift in Sources */,
				64D2EAEF2B84539D00E21E86 /* PageView.swift in Sources */,
				64D2EB042B8453F000E21E86 /* PremiumAccountView.swift in Sources */,
				64D2EB032B8453F000E21E86 /* MediaPlayerView.swift in Sources */,
				64FE8E892B83FA5600ACEA6C /* Life_FellowshipApp.swift in Sources */,
				64D2EAFA2B8453A700E21E86 /* CountdownTimer.swift in Sources */,
				64D2EACA2B84488000E21E86 /* RegistrationView.swift in Sources */,
				64D2EAD22B84520F00E21E86 /* QuickAction.swift in Sources */,
				64D2EAFC2B8453A700E21E86 /* VideoPlayerView.swift in Sources */,
			);
			runOnlyForDeploymentPostprocessing = 0;
		};
/* End PBXSourcesBuildPhase section */

/* Begin XCBuildConfiguration section */
		64FE8E912B83FA5700ACEA6C /* Debug */ = {
			isa = XCBuildConfiguration;
			buildSettings = {
				ALWAYS_SEARCH_USER_PATHS = NO;
				ASSETCATALOG_COMPILER_GENERATE_SWIFT_ASSET_SYMBOL_EXTENSIONS = YES;
				CLANG_ANALYZER_NONNULL = YES;
				CLANG_ANALYZER_NUMBER_OBJECT_CONVERSION = YES_AGGRESSIVE;
				CLANG_CXX_LANGUAGE_STANDARD = "gnu++20";
				CLANG_ENABLE_MODULES = YES;
				CLANG_ENABLE_OBJC_ARC = YES;
				CLANG_ENABLE_OBJC_WEAK = YES;
				CLANG_WARN_BLOCK_CAPTURE_AUTORELEASING = YES;
				CLANG_WARN_BOOL_CONVERSION = YES;
				CLANG_WARN_COMMA = YES;
				CLANG_WARN_CONSTANT_CONVERSION = YES;
				CLANG_WARN_DEPRECATED_OBJC_IMPLEMENTATIONS = YES;
				CLANG_WARN_DIRECT_OBJC_ISA_USAGE = YES_ERROR;
				CLANG_WARN_DOCUMENTATION_COMMENTS = YES;
				CLANG_WARN_EMPTY_BODY = YES;
				CLANG_WARN_ENUM_CONVERSION = YES;
				CLANG_WARN_INFINITE_RECURSION = YES;
				CLANG_WARN_INT_CONVERSION = YES;
				CLANG_WARN_NON_LITERAL_NULL_CONVERSION = YES;
				CLANG_WARN_OBJC_IMPLICIT_RETAIN_SELF = YES;
				CLANG_WARN_OBJC_LITERAL_CONVERSION = YES;
				CLANG_WARN_OBJC_ROOT_CLASS = YES_ERROR;
				CLANG_WARN_QUOTED_INCLUDE_IN_FRAMEWORK_HEADER = YES;
				CLANG_WARN_RANGE_LOOP_ANALYSIS = YES;
				CLANG_WARN_STRICT_PROTOTYPES = YES;
				CLANG_WARN_SUSPICIOUS_MOVE = YES;
				CLANG_WARN_UNGUARDED_AVAILABILITY = YES_AGGRESSIVE;
				CLANG_WARN_UNREACHABLE_CODE = YES;
				CLANG_WARN__DUPLICATE_METHOD_MATCH = YES;
				COPY_PHASE_STRIP = NO;
				DEBUG_INFORMATION_FORMAT = dwarf;
				ENABLE_STRICT_OBJC_MSGSEND = YES;
				ENABLE_TESTABILITY = YES;
				ENABLE_USER_SCRIPT_SANDBOXING = YES;
				GCC_C_LANGUAGE_STANDARD = gnu17;
				GCC_DYNAMIC_NO_PIC = NO;
				GCC_NO_COMMON_BLOCKS = YES;
				GCC_OPTIMIZATION_LEVEL = 0;
				GCC_PREPROCESSOR_DEFINITIONS = (
					"DEBUG=1",
					"$(inherited)",
				);
				GCC_WARN_64_TO_32_BIT_CONVERSION = YES;
				GCC_WARN_ABOUT_RETURN_TYPE = YES_ERROR;
				GCC_WARN_UNDECLARED_SELECTOR = YES;
				GCC_WARN_UNINITIALIZED_AUTOS = YES_AGGRESSIVE;
				GCC_WARN_UNUSED_FUNCTION = YES;
				GCC_WARN_UNUSED_VARIABLE = YES;
				IPHONEOS_DEPLOYMENT_TARGET = 17.2;
				LOCALIZATION_PREFERS_STRING_CATALOGS = YES;
				MTL_ENABLE_DEBUG_INFO = INCLUDE_SOURCE;
				MTL_FAST_MATH = YES;
				ONLY_ACTIVE_ARCH = YES;
				SDKROOT = iphoneos;
				SWIFT_ACTIVE_COMPILATION_CONDITIONS = "DEBUG $(inherited)";
				SWIFT_OPTIMIZATION_LEVEL = "-Onone";
			};
			name = Debug;
		};
		64FE8E922B83FA5700ACEA6C /* Release */ = {
			isa = XCBuildConfiguration;
			buildSettings = {
				ALWAYS_SEARCH_USER_PATHS = NO;
				ASSETCATALOG_COMPILER_GENERATE_SWIFT_ASSET_SYMBOL_EXTENSIONS = YES;
				CLANG_ANALYZER_NONNULL = YES;
				CLANG_ANALYZER_NUMBER_OBJECT_CONVERSION = YES_AGGRESSIVE;
				CLANG_CXX_LANGUAGE_STANDARD = "gnu++20";
				CLANG_ENABLE_MODULES = YES;
				CLANG_ENABLE_OBJC_ARC = YES;
				CLANG_ENABLE_OBJC_WEAK = YES;
				CLANG_WARN_BLOCK_CAPTURE_AUTORELEASING = YES;
				CLANG_WARN_BOOL_CONVERSION = YES;
				CLANG_WARN_COMMA = YES;
				CLANG_WARN_CONSTANT_CONVERSION = YES;
				CLANG_WARN_DEPRECATED_OBJC_IMPLEMENTATIONS = YES;
				CLANG_WARN_DIRECT_OBJC_ISA_USAGE = YES_ERROR;
				CLANG_WARN_DOCUMENTATION_COMMENTS = YES;
				CLANG_WARN_EMPTY_BODY = YES;
				CLANG_WARN_ENUM_CONVERSION = YES;
				CLANG_WARN_INFINITE_RECURSION = YES;
				CLANG_WARN_INT_CONVERSION = YES;
				CLANG_WARN_NON_LITERAL_NULL_CONVERSION = YES;
				CLANG_WARN_OBJC_IMPLICIT_RETAIN_SELF = YES;
				CLANG_WARN_OBJC_LITERAL_CONVERSION = YES;
				CLANG_WARN_OBJC_ROOT_CLASS = YES_ERROR;
				CLANG_WARN_QUOTED_INCLUDE_IN_FRAMEWORK_HEADER = YES;
				CLANG_WARN_RANGE_LOOP_ANALYSIS = YES;
				CLANG_WARN_STRICT_PROTOTYPES = YES;
				CLANG_WARN_SUSPICIOUS_MOVE = YES;
				CLANG_WARN_UNGUARDED_AVAILABILITY = YES_AGGRESSIVE;
				CLANG_WARN_UNREACHABLE_CODE = YES;
				CLANG_WARN__DUPLICATE_METHOD_MATCH = YES;
				COPY_PHASE_STRIP = NO;
				DEBUG_INFORMATION_FORMAT = "dwarf-with-dsym";
				ENABLE_NS_ASSERTIONS = NO;
				ENABLE_STRICT_OBJC_MSGSEND = YES;
				ENABLE_USER_SCRIPT_SANDBOXING = YES;
				GCC_C_LANGUAGE_STANDARD = gnu17;
				GCC_NO_COMMON_BLOCKS = YES;
				GCC_WARN_64_TO_32_BIT_CONVERSION = YES;
				GCC_WARN_ABOUT_RETURN_TYPE = YES_ERROR;
				GCC_WARN_UNDECLARED_SELECTOR = YES;
				GCC_WARN_UNINITIALIZED_AUTOS = YES_AGGRESSIVE;
				GCC_WARN_UNUSED_FUNCTION = YES;
				GCC_WARN_UNUSED_VARIABLE = YES;
				IPHONEOS_DEPLOYMENT_TARGET = 17.2;
				LOCALIZATION_PREFERS_STRING_CATALOGS = YES;
				MTL_ENABLE_DEBUG_INFO = NO;
				MTL_FAST_MATH = YES;
				SDKROOT = iphoneos;
				SWIFT_COMPILATION_MODE = wholemodule;
				VALIDATE_PRODUCT = YES;
			};
			name = Release;
		};
		64FE8E942B83FA5700ACEA6C /* Debug */ = {
			isa = XCBuildConfiguration;
			buildSettings = {
				ASSETCATALOG_COMPILER_APPICON_NAME = AppIcon;
				ASSETCATALOG_COMPILER_GLOBAL_ACCENT_COLOR_NAME = AccentColor;
				CODE_SIGN_STYLE = Automatic;
				CURRENT_PROJECT_VERSION = 1;
				DEVELOPMENT_ASSET_PATHS = "\"Life Fellowship/Preview Content\"";
				DEVELOPMENT_TEAM = FPVCQZJWBM;
				ENABLE_PREVIEWS = YES;
				GENERATE_INFOPLIST_FILE = YES;
				INFOPLIST_KEY_UIApplicationSceneManifest_Generation = YES;
				INFOPLIST_KEY_UIApplicationSupportsIndirectInputEvents = YES;
				INFOPLIST_KEY_UILaunchScreen_Generation = YES;
				INFOPLIST_KEY_UISupportedInterfaceOrientations_iPad = "UIInterfaceOrientationPortrait UIInterfaceOrientationPortraitUpsideDown UIInterfaceOrientationLandscapeLeft UIInterfaceOrientationLandscapeRight";
				INFOPLIST_KEY_UISupportedInterfaceOrientations_iPhone = "UIInterfaceOrientationPortrait UIInterfaceOrientationLandscapeLeft UIInterfaceOrientationLandscapeRight";
				IPHONEOS_DEPLOYMENT_TARGET = 16.1;
				LD_RUNPATH_SEARCH_PATHS = (
					"$(inherited)",
					"@executable_path/Frameworks",
				);
				MARKETING_VERSION = 1.0;
				PRODUCT_BUNDLE_IDENTIFIER = "william-lawson.Life-Fellowship";
				PRODUCT_NAME = "$(TARGET_NAME)";
				SWIFT_EMIT_LOC_STRINGS = YES;
				SWIFT_VERSION = 5.0;
				TARGETED_DEVICE_FAMILY = "1,2";
			};
			name = Debug;
		};
		64FE8E952B83FA5700ACEA6C /* Release */ = {
			isa = XCBuildConfiguration;
			buildSettings = {
				ASSETCATALOG_COMPILER_APPICON_NAME = AppIcon;
				ASSETCATALOG_COMPILER_GLOBAL_ACCENT_COLOR_NAME = AccentColor;
				CODE_SIGN_STYLE = Automatic;
				CURRENT_PROJECT_VERSION = 1;
				DEVELOPMENT_ASSET_PATHS = "\"Life Fellowship/Preview Content\"";
				DEVELOPMENT_TEAM = FPVCQZJWBM;
				ENABLE_PREVIEWS = YES;
				GENERATE_INFOPLIST_FILE = YES;
				INFOPLIST_KEY_UIApplicationSceneManifest_Generation = YES;
				INFOPLIST_KEY_UIApplicationSupportsIndirectInputEvents = YES;
				INFOPLIST_KEY_UILaunchScreen_Generation = YES;
				INFOPLIST_KEY_UISupportedInterfaceOrientations_iPad = "UIInterfaceOrientationPortrait UIInterfaceOrientationPortraitUpsideDown UIInterfaceOrientationLandscapeLeft UIInterfaceOrientationLandscapeRight";
				INFOPLIST_KEY_UISupportedInterfaceOrientations_iPhone = "UIInterfaceOrientationPortrait UIInterfaceOrientationLandscapeLeft UIInterfaceOrientationLandscapeRight";
				IPHONEOS_DEPLOYMENT_TARGET = 16.1;
				LD_RUNPATH_SEARCH_PATHS = (
					"$(inherited)",
					"@executable_path/Frameworks",
				);
				MARKETING_VERSION = 1.0;
				PRODUCT_BUNDLE_IDENTIFIER = "william-lawson.Life-Fellowship";
				PRODUCT_NAME = "$(TARGET_NAME)";
				SWIFT_EMIT_LOC_STRINGS = YES;
				SWIFT_VERSION = 5.0;
				TARGETED_DEVICE_FAMILY = "1,2";
			};
			name = Release;
		};
/* End XCBuildConfiguration section */

/* Begin XCConfigurationList section */
		64FE8E802B83FA5600ACEA6C /* Build configuration list for PBXProject "Life Fellowship" */ = {
			isa = XCConfigurationList;
			buildConfigurations = (
				64FE8E912B83FA5700ACEA6C /* Debug */,
				64FE8E922B83FA5700ACEA6C /* Release */,
			);
			defaultConfigurationIsVisible = 0;
			defaultConfigurationName = Release;
		};
		64FE8E932B83FA5700ACEA6C /* Build configuration list for PBXNativeTarget "Life Fellowship" */ = {
			isa = XCConfigurationList;
			buildConfigurations = (
				64FE8E942B83FA5700ACEA6C /* Debug */,
				64FE8E952B83FA5700ACEA6C /* Release */,
			);
			defaultConfigurationIsVisible = 0;
			defaultConfigurationName = Release;
		};
/* End XCConfigurationList section */
	};
	rootObject = 64FE8E7D2B83FA5600ACEA6C /* Project object */;
}
